---
source_files: [../src/trapblock.cpp, ../src/poisonmushroom.cpp]
hooks:

  #Replaces Actor 172 BIGHANA_MGR (Sprite 241)
  - name: TrapBlockBuild
    type: add_func_pointer
    src_addr_pal: 0x80952998
    target_func: 'daTrapBlock_c::build(void)'

  - name: TrapBlockSpriteFileInfo
    type: add_func_pointer
    src_addr_pal: 0x8031af10
    target_func: 'PMarcNameList'
    # 0x8031AB4C + sprite num * 0x4 == offset

  - name: UpdateTrapBlockSpriteInfo
    type: patch
    # 0x8030A340 + sprite num * 0x28 == offset
    addr_pal: 0x8030c8e8
    #      -ID- ----  -X Offs- -Y Offs-  -RectX1- -RectY1- -RectX2- -RectY2-  -1C- -1E- -20- -22-  Flag ----
    # Orig 00AC 0000  00000000 00000000  00000000 00000000 00000010 00000010  0000 0000 0000 0000  0000 0000
    data: '00AC 0000  00000008 00000000  00000000 00000000 00000010 00000010  0000 0000 0000 0000  0000 0000'

  #Replaces Actor 329 AC_ITEM_KEY (Sprite 77)
#  - name: PoisonShroomBuild
#    type: add_func_pointer
#    src_addr_pal: 0x8095E108
#    target_func: 'daPoisonShroom_c::build(void)'

#  - name: PoisonShroomSpriteFileInfo
#    type: add_func_pointer
#    src_addr_pal: 0x8031ac80
#    target_func: 'PMarcNameList'
    # 0x8031AB4C + sprite num * 0x4 == offset


  # - name: SomeBlockTest
  #   type: add_func_pointer
  #   src_addr_pal: 0x80302428
  #   target_func: 'daEnBlockMain_c::calledWhenUpMoveBegins_new(void)'