hooks:
- addr_jpn: 2149181180
  addr_jpn2: 2149181180
  addr_ntsc: 2149181676
  addr_ntsc2: 2149181676
  addr_pal: 2149181996
  addr_pal2: 2149181996
  data: '38800500'
  name: HurryUp
  type: patch
- addr_jpn: 2149168548
  addr_jpn2: 2149168548
  addr_ntsc: 2149169044
  addr_ntsc2: 2149169044
  addr_pal: 2149169364
  addr_pal2: 2149169364
  data: '38800500'
  name: HurryUp1
  type: patch
- addr_jpn: 2149180212
  addr_jpn2: 2149180212
  addr_ntsc: 2149180708
  addr_ntsc2: 2149180708
  addr_pal: 2149181028
  addr_pal2: 2149181028
  data: '38800500'
  name: HurryUp2
  type: patch
source_files:
- ../src/timeclock.cpp
